
Microsoft Visual Studio Solution File, Format Version 12.00
# Visual Studio Version 17
VisualStudioVersion = 17.5.33530.505
MinimumVisualStudioVersion = 10.0.40219.1
Project("{9A19103F-16F7-4668-BE54-9A1E7A4F7556}") = "CodingWiki_Web", "CodingWiki_Web\CodingWiki_Web.csproj", "{7FAB3397-FE72-4095-918E-00BD395458A7}"
EndProject
Project("{FAE04EC0-301F-11D3-BF4B-00C04F79EFBC}") = "CodingWiki_DataAccess", "CodingWiki_DataAccess\CodingWiki_DataAccess.csproj", "{D437AE78-55BC-44D9-B985-7E3287DF711D}"
EndProject
Project("{FAE04EC0-301F-11D3-BF4B-00C04F79EFBC}") = "CodingWiki_Model", "CodingWiki_Model\CodingWiki_Model.csproj", "{190C229E-99FD-4917-908D-9D58C87E5432}"
EndProject
Project("{FAE04EC0-301F-11D3-BF4B-00C04F79EFBC}") = "CodingWiki_Console", "CodingWiki_Console\CodingWiki_Console.csproj", "{2DF138B8-F91A-4AA6-8729-21E3272A24E8}"
EndProject
Global
	GlobalSection(SolutionConfigurationPlatforms) = preSolution
		Debug|Any CPU = Debug|Any CPU
		Release|Any CPU = Release|Any CPU
	EndGlobalSection
	GlobalSection(ProjectConfigurationPlatforms) = postSolution
		{7FAB3397-FE72-4095-918E-00BD395458A7}.Debug|Any CPU.ActiveCfg = Debug|Any CPU
		{7FAB3397-FE72-4095-918E-00BD395458A7}.Debug|Any CPU.Build.0 = Debug|Any CPU
		{7FAB3397-FE72-4095-918E-00BD395458A7}.Release|Any CPU.ActiveCfg = Release|Any CPU
		{7FAB3397-FE72-4095-918E-00BD395458A7}.Release|Any CPU.Build.0 = Release|Any CPU
		{D437AE78-55BC-44D9-B985-7E3287DF711D}.Debug|Any CPU.ActiveCfg = Debug|Any CPU
		{D437AE78-55BC-44D9-B985-7E3287DF711D}.Debug|Any CPU.Build.0 = Debug|Any CPU
		{D437AE78-55BC-44D9-B985-7E3287DF711D}.Release|Any CPU.ActiveCfg = Release|Any CPU
		{D437AE78-55BC-44D9-B985-7E3287DF711D}.Release|Any CPU.Build.0 = Release|Any CPU
		{190C229E-99FD-4917-908D-9D58C87E5432}.Debug|Any CPU.ActiveCfg = Debug|Any CPU
		{190C229E-99FD-4917-908D-9D58C87E5432}.Debug|Any CPU.Build.0 = Debug|Any CPU
		{190C229E-99FD-4917-908D-9D58C87E5432}.Release|Any CPU.ActiveCfg = Release|Any CPU
		{190C229E-99FD-4917-908D-9D58C87E5432}.Release|Any CPU.Build.0 = Release|Any CPU
		{2DF138B8-F91A-4AA6-8729-21E3272A24E8}.Debug|Any CPU.ActiveCfg = Debug|Any CPU
		{2DF138B8-F91A-4AA6-8729-21E3272A24E8}.Debug|Any CPU.Build.0 = Debug|Any CPU
		{2DF138B8-F91A-4AA6-8729-21E3272A24E8}.Release|Any CPU.ActiveCfg = Release|Any CPU
		{2DF138B8-F91A-4AA6-8729-21E3272A24E8}.Release|Any CPU.Build.0 = Release|Any CPU
	EndGlobalSection
	GlobalSection(SolutionProperties) = preSolution
		HideSolutionNode = FALSE
	EndGlobalSection
	GlobalSection(ExtensibilityGlobals) = postSolution
		SolutionGuid = {D87E01A8-67DA-4D2F-B451-08BEF2DF0490}
	EndGlobalSection
EndGlobal
